
Microsoft Visual Studio Solution File, Format Version 12.00
# Visual Studio Version 17
VisualStudioVersion = 17.4.33213.308
MinimumVisualStudioVersion = 10.0.40219.1
Project("{FAE04EC0-301F-11D3-BF4B-00C04F79EFBC}") = "MySecondKonsolApp", "MySecondKonsolApp\MySecondKonsolApp.csproj", "{B21DB574-33A1-4616-9C61-3E27339C2921}"
EndProject
Global
	GlobalSection(SolutionConfigurationPlatforms) = preSolution
		Debug|Any CPU = Debug|Any CPU
		Release|Any CPU = Release|Any CPU
	EndGlobalSection
	GlobalSection(ProjectConfigurationPlatforms) = postSolution
		{B21DB574-33A1-4616-9C61-3E27339C2921}.Debug|Any CPU.ActiveCfg = Debug|Any CPU
		{B21DB574-33A1-4616-9C61-3E27339C2921}.Debug|Any CPU.Build.0 = Debug|Any CPU
		{B21DB574-33A1-4616-9C61-3E27339C2921}.Release|Any CPU.ActiveCfg = Release|Any CPU
		{B21DB574-33A1-4616-9C61-3E27339C2921}.Release|Any CPU.Build.0 = Release|Any CPU
	EndGlobalSection
	GlobalSection(SolutionProperties) = preSolution
		HideSolutionNode = FALSE
	EndGlobalSection
	GlobalSection(ExtensibilityGlobals) = postSolution
		SolutionGuid = {C85C570B-A2CD-4098-AEB1-9CE27B65DB8C}
	EndGlobalSection
EndGlobal
